
Microsoft Visual Studio Solution File, Format Version 12.00
# Visual Studio Version 17
VisualStudioVersion = 17.4.33213.308
MinimumVisualStudioVersion = 10.0.40219.1
Project("{FAE04EC0-301F-11D3-BF4B-00C04F79EFBC}") = "Fundamentos de Programación", "Fundamentos de Programación\Fundamentos de Programación.csproj", "{8AACF409-7C57-4BF1-8876-98DF65F8EE71}"
EndProject
Global
	GlobalSection(SolutionConfigurationPlatforms) = preSolution
		Debug|Any CPU = Debug|Any CPU
		Release|Any CPU = Release|Any CPU
	EndGlobalSection
	GlobalSection(ProjectConfigurationPlatforms) = postSolution
		{8AACF409-7C57-4BF1-8876-98DF65F8EE71}.Debug|Any CPU.ActiveCfg = Debug|Any CPU
		{8AACF409-7C57-4BF1-8876-98DF65F8EE71}.Debug|Any CPU.Build.0 = Debug|Any CPU
		{8AACF409-7C57-4BF1-8876-98DF65F8EE71}.Release|Any CPU.ActiveCfg = Release|Any CPU
		{8AACF409-7C57-4BF1-8876-98DF65F8EE71}.Release|Any CPU.Build.0 = Release|Any CPU
	EndGlobalSection
	GlobalSection(SolutionProperties) = preSolution
		HideSolutionNode = FALSE
	EndGlobalSection
	GlobalSection(ExtensibilityGlobals) = postSolution
		SolutionGuid = {103678CF-61A6-40D4-B214-7F5D9D1BBDBC}
	EndGlobalSection
EndGlobal
